// !$*UTF8*$!
{
	archiveVersion = 1;
	classes = {
	};
	objectVersion = 50;
	objects = {

/* Begin PBXBuildFile section */
		505DD443A4B8EB6D479AAD2D /* Pods_WeatherApi.framework in Frameworks */ = {isa = PBXBuildFile; fileRef = 617419507F0F896762CCD616 /* Pods_WeatherApi.framework */; };
		580CA5C021FB0AAB0096E878 /* Weather.swift in Sources */ = {isa = PBXBuildFile; fileRef = 580CA5BF21FB0AAB0096E878 /* Weather.swift */; };
		580CA5C221FB0B270096E878 /* Country.swift in Sources */ = {isa = PBXBuildFile; fileRef = 580CA5C121FB0B270096E878 /* Country.swift */; };
		580CA5C621FB3EA30096E878 /* CountriesNetworkService.swift in Sources */ = {isa = PBXBuildFile; fileRef = 580CA5C521FB3EA30096E878 /* CountriesNetworkService.swift */; };
		582EDF6321E7420100DDE595 /* PositionGenerator.swift in Sources */ = {isa = PBXBuildFile; fileRef = 582EDF5221E7420100DDE595 /* PositionGenerator.swift */; };
		582EDF6421E7420100DDE595 /* F.swift in Sources */ = {isa = PBXBuildFile; fileRef = 582EDF5321E7420100DDE595 /* F.swift */; };
		582EDF6521E7420100DDE595 /* Atomic.swift in Sources */ = {isa = PBXBuildFile; fileRef = 582EDF5421E7420100DDE595 /* Atomic.swift */; };
		582EDF6621E7420100DDE595 /* RootViewRepresentable.swift in Sources */ = {isa = PBXBuildFile; fileRef = 582EDF5621E7420100DDE595 /* RootViewRepresentable.swift */; };
		582EDF6721E7420100DDE595 /* DispatchQueue+Extensions.swift in Sources */ = {isa = PBXBuildFile; fileRef = 582EDF5921E7420100DDE595 /* DispatchQueue+Extensions.swift */; };
		582EDF6821E7420100DDE595 /* DispatchTime+Extensions.swift in Sources */ = {isa = PBXBuildFile; fileRef = 582EDF5A21E7420100DDE595 /* DispatchTime+Extensions.swift */; };
		582EDF6921E7420100DDE595 /* RangeReplaceableCollection+Extensions.swift in Sources */ = {isa = PBXBuildFile; fileRef = 582EDF5B21E7420100DDE595 /* RangeReplaceableCollection+Extensions.swift */; };
		582EDF6A21E7420100DDE595 /* NSLocking+Extensions.swift in Sources */ = {isa = PBXBuildFile; fileRef = 582EDF5C21E7420100DDE595 /* NSLocking+Extensions.swift */; };
		582EDF6B21E7420100DDE595 /* Optional+Extensions.swift in Sources */ = {isa = PBXBuildFile; fileRef = 582EDF5D21E7420100DDE595 /* Optional+Extensions.swift */; };
		582EDF6C21E7420100DDE595 /* Strideable+Extensions.swift in Sources */ = {isa = PBXBuildFile; fileRef = 582EDF5E21E7420100DDE595 /* Strideable+Extensions.swift */; };
		582EDF6D21E7420100DDE595 /* CGRect+Extensions.swift in Sources */ = {isa = PBXBuildFile; fileRef = 582EDF6021E7420100DDE595 /* CGRect+Extensions.swift */; };
		582EDF6E21E7420100DDE595 /* Cancellable.swift in Sources */ = {isa = PBXBuildFile; fileRef = 582EDF6221E7420100DDE595 /* Cancellable.swift */; };
		582EDF7121E746D100DDE595 /* ObservableObject.Observer.swift in Sources */ = {isa = PBXBuildFile; fileRef = 582EDF6F21E746D100DDE595 /* ObservableObject.Observer.swift */; };
		582EDF7221E746D100DDE595 /* ObservableObject.swift in Sources */ = {isa = PBXBuildFile; fileRef = 582EDF7021E746D100DDE595 /* ObservableObject.swift */; };
		582EDF7621E75F4600DDE595 /* CountriesViewController.swift in Sources */ = {isa = PBXBuildFile; fileRef = 582EDF7421E75F4600DDE595 /* CountriesViewController.swift */; };
		582EDF7721E75F4600DDE595 /* CountriesViewController.xib in Resources */ = {isa = PBXBuildFile; fileRef = 582EDF7521E75F4600DDE595 /* CountriesViewController.xib */; };
		582EDF7921E75F6500DDE595 /* CountriesView.swift in Sources */ = {isa = PBXBuildFile; fileRef = 582EDF7821E75F6500DDE595 /* CountriesView.swift */; };
		582EDF8021E780B400DDE595 /* RequestService.swift in Sources */ = {isa = PBXBuildFile; fileRef = 582EDF7F21E780B400DDE595 /* RequestService.swift */; };
		58458CF3221C4D56005CA0F0 /* WeakBox.swift in Sources */ = {isa = PBXBuildFile; fileRef = 58458CF2221C4D56005CA0F0 /* WeakBox.swift */; };
		58473E7C221D5842007DEBAC /* ID.swift in Sources */ = {isa = PBXBuildFile; fileRef = 58473E7B221D5842007DEBAC /* ID.swift */; };
		58473E7F221D5B25007DEBAC /* IDProvider.swift in Sources */ = {isa = PBXBuildFile; fileRef = 58473E7E221D5B25007DEBAC /* IDProvider.swift */; };
		5847DB6A2216BB2C003DA45E /* Realm+Extensions.swift in Sources */ = {isa = PBXBuildFile; fileRef = 5847DB692216BB2C003DA45E /* Realm+Extensions.swift */; };
		584B124A2202F271004AC02D /* Temperature.swift in Sources */ = {isa = PBXBuildFile; fileRef = 584B12492202F271004AC02D /* Temperature.swift */; };
		5850C68022046380009CF3EE /* CancellableProperty.swift in Sources */ = {isa = PBXBuildFile; fileRef = 5850C67F22046380009CF3EE /* CancellableProperty.swift */; };
		5855E2AD21E73CE200A3D463 /* AppDelegate.swift in Sources */ = {isa = PBXBuildFile; fileRef = 5855E2AC21E73CE200A3D463 /* AppDelegate.swift */; };
		5855E2B421E73CE300A3D463 /* Assets.xcassets in Resources */ = {isa = PBXBuildFile; fileRef = 5855E2B321E73CE300A3D463 /* Assets.xcassets */; };
		5855E2B721E73CE300A3D463 /* LaunchScreen.storyboard in Resources */ = {isa = PBXBuildFile; fileRef = 5855E2B521E73CE300A3D463 /* LaunchScreen.storyboard */; };
		5855E2C221E73CE300A3D463 /* WeatherApiTests.swift in Sources */ = {isa = PBXBuildFile; fileRef = 5855E2C121E73CE300A3D463 /* WeatherApiTests.swift */; };
		5855E2CD21E73CE300A3D463 /* WeatherApiUITests.swift in Sources */ = {isa = PBXBuildFile; fileRef = 5855E2CC21E73CE300A3D463 /* WeatherApiUITests.swift */; };
		5855E2DE21E73EB200A3D463 /* WeatherViewController.swift in Sources */ = {isa = PBXBuildFile; fileRef = 5855E2DC21E73EB200A3D463 /* WeatherViewController.swift */; };
		5855E2DF21E73EB200A3D463 /* WeatherViewController.xib in Resources */ = {isa = PBXBuildFile; fileRef = 5855E2DD21E73EB200A3D463 /* WeatherViewController.xib */; };
		5855E2E121E73EDD00A3D463 /* WeatherView.swift in Sources */ = {isa = PBXBuildFile; fileRef = 5855E2E021E73EDD00A3D463 /* WeatherView.swift */; };
		5860E85F221EC39A00064513 /* DataRealm.swift in Sources */ = {isa = PBXBuildFile; fileRef = 5860E85E221EC39A00064513 /* DataRealm.swift */; };
		5860E861221EC3D700064513 /* DataBaseService.swift in Sources */ = {isa = PBXBuildFile; fileRef = 5860E860221EC3D700064513 /* DataBaseService.swift */; };
		5860E863221EC44300064513 /* RLMModel.swift in Sources */ = {isa = PBXBuildFile; fileRef = 5860E862221EC44300064513 /* RLMModel.swift */; };
		5860E865221EC47900064513 /* WeatherRLM.swift in Sources */ = {isa = PBXBuildFile; fileRef = 5860E864221EC47900064513 /* WeatherRLM.swift */; };
		5860E867221EC48600064513 /* CountryRLM.swift in Sources */ = {isa = PBXBuildFile; fileRef = 5860E866221EC48600064513 /* CountryRLM.swift */; };
		5860E869221EC4C600064513 /* StorageProvider.swift in Sources */ = {isa = PBXBuildFile; fileRef = 5860E868221EC4C600064513 /* StorageProvider.swift */; };
		5860E86B221EC4DD00064513 /* RealmModelSerializable.swift in Sources */ = {isa = PBXBuildFile; fileRef = 5860E86A221EC4DD00064513 /* RealmModelSerializable.swift */; };
		5864008C21EDE64500AB75F0 /* CountryTableViewCell.swift in Sources */ = {isa = PBXBuildFile; fileRef = 5864008A21EDE64500AB75F0 /* CountryTableViewCell.swift */; };
		5864008D21EDE64500AB75F0 /* CountryTableViewCell.xib in Resources */ = {isa = PBXBuildFile; fileRef = 5864008B21EDE64500AB75F0 /* CountryTableViewCell.xib */; };
		5864009021EDE6F100AB75F0 /* TableViewCell.swift in Sources */ = {isa = PBXBuildFile; fileRef = 5864008F21EDE6F100AB75F0 /* TableViewCell.swift */; };
		587C3A702212E094009E1B26 /* NetworkTask.swift in Sources */ = {isa = PBXBuildFile; fileRef = 587C3A6F2212E094009E1B26 /* NetworkTask.swift */; };
		587C3A722212E59F009E1B26 /* Result.swift in Sources */ = {isa = PBXBuildFile; fileRef = 587C3A712212E59F009E1B26 /* Result.swift */; };
		587C3A752212EEC8009E1B26 /* PrecedenceGroup.swift in Sources */ = {isa = PBXBuildFile; fileRef = 587C3A742212EEC8009E1B26 /* PrecedenceGroup.swift */; };
		587C3A772212EEDB009E1B26 /* Operators.swift in Sources */ = {isa = PBXBuildFile; fileRef = 587C3A762212EEDB009E1B26 /* Operators.swift */; };
		588129A221EF47DE000E48B4 /* UINib+Extensions.swift in Sources */ = {isa = PBXBuildFile; fileRef = 588129A121EF47DE000E48B4 /* UINib+Extensions.swift */; };
		588129A421EF4830000E48B4 /* UITableView+Extensions.swift in Sources */ = {isa = PBXBuildFile; fileRef = 588129A321EF4830000E48B4 /* UITableView+Extensions.swift */; };
		588129A621EF7B45000E48B4 /* CountriesModel.swift in Sources */ = {isa = PBXBuildFile; fileRef = 588129A521EF7B45000E48B4 /* CountriesModel.swift */; };
		588C993A21EC82DB00E396DB /* UIColor+Extensions.swift in Sources */ = {isa = PBXBuildFile; fileRef = 588C993921EC82DB00E396DB /* UIColor+Extensions.swift */; };
		588C993C21EC8F2B00E396DB /* ColorRepresentable.swift in Sources */ = {isa = PBXBuildFile; fileRef = 588C993B21EC8F2B00E396DB /* ColorRepresentable.swift */; };
		588C993F21EC8FAD00E396DB /* Color.swift in Sources */ = {isa = PBXBuildFile; fileRef = 588C993E21EC8FAD00E396DB /* Color.swift */; };
		588C994121ECB3A800E396DB /* JSONCountry.swift in Sources */ = {isa = PBXBuildFile; fileRef = 588C994021ECB3A800E396DB /* JSONCountry.swift */; };
		588C994321ECC46C00E396DB /* JSONWeather.swift in Sources */ = {isa = PBXBuildFile; fileRef = 588C994221ECC46C00E396DB /* JSONWeather.swift */; };
		5890B8A021F5B33A00625C2E /* Date+Extensions.swift in Sources */ = {isa = PBXBuildFile; fileRef = 5890B89F21F5B33A00625C2E /* Date+Extensions.swift */; };
		5890B8A221F5B36400625C2E /* DateFormatter+Extensions.swift in Sources */ = {isa = PBXBuildFile; fileRef = 5890B8A121F5B36400625C2E /* DateFormatter+Extensions.swift */; };
		58BCB18421FB45F800F148F1 /* WeatherNetworkService.swift in Sources */ = {isa = PBXBuildFile; fileRef = 58BCB18321FB45F800F148F1 /* WeatherNetworkService.swift */; };
		58E42E77220092090074A159 /* ObservableWrapper.swift in Sources */ = {isa = PBXBuildFile; fileRef = 58E42E76220092090074A159 /* ObservableWrapper.swift */; };
		B7FC18E815DE829466D08E40 /* Pods_WeatherApiTests.framework in Frameworks */ = {isa = PBXBuildFile; fileRef = 12725E8B71D0D59F707066F5 /* Pods_WeatherApiTests.framework */; };
		C588F29A4DF3EA04BEF9A958 /* Pods_WeatherApiUITests.framework in Frameworks */ = {isa = PBXBuildFile; fileRef = 62E4A30FF39FE4A644BFDE92 /* Pods_WeatherApiUITests.framework */; };
/* End PBXBuildFile section */

/* Begin PBXContainerItemProxy section */
		5855E2BE21E73CE300A3D463 /* PBXContainerItemProxy */ = {
			isa = PBXContainerItemProxy;
			containerPortal = 5855E2A121E73CE200A3D463 /* Project object */;
			proxyType = 1;
			remoteGlobalIDString = 5855E2A821E73CE200A3D463;
			remoteInfo = WeatherApi;
		};
		5855E2C921E73CE300A3D463 /* PBXContainerItemProxy */ = {
			isa = PBXContainerItemProxy;
			containerPortal = 5855E2A121E73CE200A3D463 /* Project object */;
			proxyType = 1;
			remoteGlobalIDString = 5855E2A821E73CE200A3D463;
			remoteInfo = WeatherApi;
		};
/* End PBXContainerItemProxy section */

/* Begin PBXFileReference section */
		024FEBECBB8D051A7E5F3C58 /* Pods-WeatherApiUITests.debug.xcconfig */ = {isa = PBXFileReference; includeInIndex = 1; lastKnownFileType = text.xcconfig; name = "Pods-WeatherApiUITests.debug.xcconfig"; path = "Target Support Files/Pods-WeatherApiUITests/Pods-WeatherApiUITests.debug.xcconfig"; sourceTree = "<group>"; };
		12725E8B71D0D59F707066F5 /* Pods_WeatherApiTests.framework */ = {isa = PBXFileReference; explicitFileType = wrapper.framework; includeInIndex = 0; path = Pods_WeatherApiTests.framework; sourceTree = BUILT_PRODUCTS_DIR; };
		1F9FCFF9A9D9341116065752 /* Pods-WeatherApiTests.release.xcconfig */ = {isa = PBXFileReference; includeInIndex = 1; lastKnownFileType = text.xcconfig; name = "Pods-WeatherApiTests.release.xcconfig"; path = "Target Support Files/Pods-WeatherApiTests/Pods-WeatherApiTests.release.xcconfig"; sourceTree = "<group>"; };
		580CA5BF21FB0AAB0096E878 /* Weather.swift */ = {isa = PBXFileReference; lastKnownFileType = sourcecode.swift; path = Weather.swift; sourceTree = "<group>"; };
		580CA5C121FB0B270096E878 /* Country.swift */ = {isa = PBXFileReference; lastKnownFileType = sourcecode.swift; path = Country.swift; sourceTree = "<group>"; };
		580CA5C521FB3EA30096E878 /* CountriesNetworkService.swift */ = {isa = PBXFileReference; lastKnownFileType = sourcecode.swift; path = CountriesNetworkService.swift; sourceTree = "<group>"; };
		582EDF5221E7420100DDE595 /* PositionGenerator.swift */ = {isa = PBXFileReference; fileEncoding = 4; lastKnownFileType = sourcecode.swift; path = PositionGenerator.swift; sourceTree = "<group>"; };
		582EDF5321E7420100DDE595 /* F.swift */ = {isa = PBXFileReference; fileEncoding = 4; lastKnownFileType = sourcecode.swift; path = F.swift; sourceTree = "<group>"; };
		582EDF5421E7420100DDE595 /* Atomic.swift */ = {isa = PBXFileReference; fileEncoding = 4; lastKnownFileType = sourcecode.swift; path = Atomic.swift; sourceTree = "<group>"; };
		582EDF5621E7420100DDE595 /* RootViewRepresentable.swift */ = {isa = PBXFileReference; fileEncoding = 4; lastKnownFileType = sourcecode.swift; path = RootViewRepresentable.swift; sourceTree = "<group>"; };
		582EDF5921E7420100DDE595 /* DispatchQueue+Extensions.swift */ = {isa = PBXFileReference; fileEncoding = 4; lastKnownFileType = sourcecode.swift; path = "DispatchQueue+Extensions.swift"; sourceTree = "<group>"; };
		582EDF5A21E7420100DDE595 /* DispatchTime+Extensions.swift */ = {isa = PBXFileReference; fileEncoding = 4; lastKnownFileType = sourcecode.swift; path = "DispatchTime+Extensions.swift"; sourceTree = "<group>"; };
		582EDF5B21E7420100DDE595 /* RangeReplaceableCollection+Extensions.swift */ = {isa = PBXFileReference; fileEncoding = 4; lastKnownFileType = sourcecode.swift; path = "RangeReplaceableCollection+Extensions.swift"; sourceTree = "<group>"; };
		582EDF5C21E7420100DDE595 /* NSLocking+Extensions.swift */ = {isa = PBXFileReference; fileEncoding = 4; lastKnownFileType = sourcecode.swift; path = "NSLocking+Extensions.swift"; sourceTree = "<group>"; };
		582EDF5D21E7420100DDE595 /* Optional+Extensions.swift */ = {isa = PBXFileReference; fileEncoding = 4; lastKnownFileType = sourcecode.swift; path = "Optional+Extensions.swift"; sourceTree = "<group>"; };
		582EDF5E21E7420100DDE595 /* Strideable+Extensions.swift */ = {isa = PBXFileReference; fileEncoding = 4; lastKnownFileType = sourcecode.swift; path = "Strideable+Extensions.swift"; sourceTree = "<group>"; };
		582EDF6021E7420100DDE595 /* CGRect+Extensions.swift */ = {isa = PBXFileReference; fileEncoding = 4; lastKnownFileType = sourcecode.swift; path = "CGRect+Extensions.swift"; sourceTree = "<group>"; };
		582EDF6221E7420100DDE595 /* Cancellable.swift */ = {isa = PBXFileReference; fileEncoding = 4; lastKnownFileType = sourcecode.swift; path = Cancellable.swift; sourceTree = "<group>"; };
		582EDF6F21E746D100DDE595 /* ObservableObject.Observer.swift */ = {isa = PBXFileReference; fileEncoding = 4; lastKnownFileType = sourcecode.swift; path = ObservableObject.Observer.swift; sourceTree = "<group>"; };
		582EDF7021E746D100DDE595 /* ObservableObject.swift */ = {isa = PBXFileReference; fileEncoding = 4; lastKnownFileType = sourcecode.swift; path = ObservableObject.swift; sourceTree = "<group>"; };
		582EDF7421E75F4600DDE595 /* CountriesViewController.swift */ = {isa = PBXFileReference; lastKnownFileType = sourcecode.swift; path = CountriesViewController.swift; sourceTree = "<group>"; };
		582EDF7521E75F4600DDE595 /* CountriesViewController.xib */ = {isa = PBXFileReference; lastKnownFileType = file.xib; path = CountriesViewController.xib; sourceTree = "<group>"; };
		582EDF7821E75F6500DDE595 /* CountriesView.swift */ = {isa = PBXFileReference; lastKnownFileType = sourcecode.swift; path = CountriesView.swift; sourceTree = "<group>"; };
		582EDF7F21E780B400DDE595 /* RequestService.swift */ = {isa = PBXFileReference; lastKnownFileType = sourcecode.swift; path = RequestService.swift; sourceTree = "<group>"; };
		58458CF2221C4D56005CA0F0 /* WeakBox.swift */ = {isa = PBXFileReference; lastKnownFileType = sourcecode.swift; path = WeakBox.swift; sourceTree = "<group>"; };
		58473E7B221D5842007DEBAC /* ID.swift */ = {isa = PBXFileReference; lastKnownFileType = sourcecode.swift; path = ID.swift; sourceTree = "<group>"; };
		58473E7E221D5B25007DEBAC /* IDProvider.swift */ = {isa = PBXFileReference; lastKnownFileType = sourcecode.swift; path = IDProvider.swift; sourceTree = "<group>"; };
		5847DB692216BB2C003DA45E /* Realm+Extensions.swift */ = {isa = PBXFileReference; lastKnownFileType = sourcecode.swift; path = "Realm+Extensions.swift"; sourceTree = "<group>"; };
		584B12492202F271004AC02D /* Temperature.swift */ = {isa = PBXFileReference; lastKnownFileType = sourcecode.swift; path = Temperature.swift; sourceTree = "<group>"; };
		5850C67F22046380009CF3EE /* CancellableProperty.swift */ = {isa = PBXFileReference; fileEncoding = 4; lastKnownFileType = sourcecode.swift; path = CancellableProperty.swift; sourceTree = "<group>"; };
		5855E2A921E73CE200A3D463 /* WeatherApi.app */ = {isa = PBXFileReference; explicitFileType = wrapper.application; includeInIndex = 0; path = WeatherApi.app; sourceTree = BUILT_PRODUCTS_DIR; };
		5855E2AC21E73CE200A3D463 /* AppDelegate.swift */ = {isa = PBXFileReference; lastKnownFileType = sourcecode.swift; path = AppDelegate.swift; sourceTree = "<group>"; };
		5855E2B321E73CE300A3D463 /* Assets.xcassets */ = {isa = PBXFileReference; lastKnownFileType = folder.assetcatalog; path = Assets.xcassets; sourceTree = "<group>"; };
		5855E2B621E73CE300A3D463 /* Base */ = {isa = PBXFileReference; lastKnownFileType = file.storyboard; name = Base; path = Base.lproj/LaunchScreen.storyboard; sourceTree = "<group>"; };
		5855E2B821E73CE300A3D463 /* Info.plist */ = {isa = PBXFileReference; lastKnownFileType = text.plist.xml; path = Info.plist; sourceTree = "<group>"; };
		5855E2BD21E73CE300A3D463 /* WeatherApiTests.xctest */ = {isa = PBXFileReference; explicitFileType = wrapper.cfbundle; includeInIndex = 0; path = WeatherApiTests.xctest; sourceTree = BUILT_PRODUCTS_DIR; };
		5855E2C121E73CE300A3D463 /* WeatherApiTests.swift */ = {isa = PBXFileReference; lastKnownFileType = sourcecode.swift; path = WeatherApiTests.swift; sourceTree = "<group>"; };
		5855E2C321E73CE300A3D463 /* Info.plist */ = {isa = PBXFileReference; lastKnownFileType = text.plist.xml; path = Info.plist; sourceTree = "<group>"; };
		5855E2C821E73CE300A3D463 /* WeatherApiUITests.xctest */ = {isa = PBXFileReference; explicitFileType = wrapper.cfbundle; includeInIndex = 0; path = WeatherApiUITests.xctest; sourceTree = BUILT_PRODUCTS_DIR; };
		5855E2CC21E73CE300A3D463 /* WeatherApiUITests.swift */ = {isa = PBXFileReference; lastKnownFileType = sourcecode.swift; path = WeatherApiUITests.swift; sourceTree = "<group>"; };
		5855E2CE21E73CE300A3D463 /* Info.plist */ = {isa = PBXFileReference; lastKnownFileType = text.plist.xml; path = Info.plist; sourceTree = "<group>"; };
		5855E2DC21E73EB200A3D463 /* WeatherViewController.swift */ = {isa = PBXFileReference; lastKnownFileType = sourcecode.swift; path = WeatherViewController.swift; sourceTree = "<group>"; };
		5855E2DD21E73EB200A3D463 /* WeatherViewController.xib */ = {isa = PBXFileReference; lastKnownFileType = file.xib; path = WeatherViewController.xib; sourceTree = "<group>"; };
		5855E2E021E73EDD00A3D463 /* WeatherView.swift */ = {isa = PBXFileReference; lastKnownFileType = sourcecode.swift; path = WeatherView.swift; sourceTree = "<group>"; };
		5860E85E221EC39A00064513 /* DataRealm.swift */ = {isa = PBXFileReference; lastKnownFileType = sourcecode.swift; path = DataRealm.swift; sourceTree = "<group>"; };
		5860E860221EC3D700064513 /* DataBaseService.swift */ = {isa = PBXFileReference; lastKnownFileType = sourcecode.swift; path = DataBaseService.swift; sourceTree = "<group>"; };
		5860E862221EC44300064513 /* RLMModel.swift */ = {isa = PBXFileReference; lastKnownFileType = sourcecode.swift; path = RLMModel.swift; sourceTree = "<group>"; };
		5860E864221EC47900064513 /* WeatherRLM.swift */ = {isa = PBXFileReference; lastKnownFileType = sourcecode.swift; path = WeatherRLM.swift; sourceTree = "<group>"; };
		5860E866221EC48600064513 /* CountryRLM.swift */ = {isa = PBXFileReference; lastKnownFileType = sourcecode.swift; path = CountryRLM.swift; sourceTree = "<group>"; };
		5860E868221EC4C600064513 /* StorageProvider.swift */ = {isa = PBXFileReference; lastKnownFileType = sourcecode.swift; path = StorageProvider.swift; sourceTree = "<group>"; };
		5860E86A221EC4DD00064513 /* RealmModelSerializable.swift */ = {isa = PBXFileReference; lastKnownFileType = sourcecode.swift; path = RealmModelSerializable.swift; sourceTree = "<group>"; };
		5864008A21EDE64500AB75F0 /* CountryTableViewCell.swift */ = {isa = PBXFileReference; lastKnownFileType = sourcecode.swift; path = CountryTableViewCell.swift; sourceTree = "<group>"; };
		5864008B21EDE64500AB75F0 /* CountryTableViewCell.xib */ = {isa = PBXFileReference; lastKnownFileType = file.xib; path = CountryTableViewCell.xib; sourceTree = "<group>"; };
		5864008F21EDE6F100AB75F0 /* TableViewCell.swift */ = {isa = PBXFileReference; lastKnownFileType = sourcecode.swift; path = TableViewCell.swift; sourceTree = "<group>"; };
		587C3A6F2212E094009E1B26 /* NetworkTask.swift */ = {isa = PBXFileReference; lastKnownFileType = sourcecode.swift; path = NetworkTask.swift; sourceTree = "<group>"; };
		587C3A712212E59F009E1B26 /* Result.swift */ = {isa = PBXFileReference; lastKnownFileType = sourcecode.swift; path = Result.swift; sourceTree = "<group>"; };
		587C3A742212EEC8009E1B26 /* PrecedenceGroup.swift */ = {isa = PBXFileReference; lastKnownFileType = sourcecode.swift; path = PrecedenceGroup.swift; sourceTree = "<group>"; };
		587C3A762212EEDB009E1B26 /* Operators.swift */ = {isa = PBXFileReference; lastKnownFileType = sourcecode.swift; path = Operators.swift; sourceTree = "<group>"; };
		588129A121EF47DE000E48B4 /* UINib+Extensions.swift */ = {isa = PBXFileReference; lastKnownFileType = sourcecode.swift; path = "UINib+Extensions.swift"; sourceTree = "<group>"; };
		588129A321EF4830000E48B4 /* UITableView+Extensions.swift */ = {isa = PBXFileReference; lastKnownFileType = sourcecode.swift; path = "UITableView+Extensions.swift"; sourceTree = "<group>"; };
		588129A521EF7B45000E48B4 /* CountriesModel.swift */ = {isa = PBXFileReference; lastKnownFileType = sourcecode.swift; path = CountriesModel.swift; sourceTree = "<group>"; };
		588C993921EC82DB00E396DB /* UIColor+Extensions.swift */ = {isa = PBXFileReference; lastKnownFileType = sourcecode.swift; path = "UIColor+Extensions.swift"; sourceTree = "<group>"; };
		588C993B21EC8F2B00E396DB /* ColorRepresentable.swift */ = {isa = PBXFileReference; lastKnownFileType = sourcecode.swift; path = ColorRepresentable.swift; sourceTree = "<group>"; };
		588C993E21EC8FAD00E396DB /* Color.swift */ = {isa = PBXFileReference; lastKnownFileType = sourcecode.swift; path = Color.swift; sourceTree = "<group>"; };
		588C994021ECB3A800E396DB /* JSONCountry.swift */ = {isa = PBXFileReference; lastKnownFileType = sourcecode.swift; path = JSONCountry.swift; sourceTree = "<group>"; };
		588C994221ECC46C00E396DB /* JSONWeather.swift */ = {isa = PBXFileReference; lastKnownFileType = sourcecode.swift; path = JSONWeather.swift; sourceTree = "<group>"; };
		5890B89F21F5B33A00625C2E /* Date+Extensions.swift */ = {isa = PBXFileReference; lastKnownFileType = sourcecode.swift; path = "Date+Extensions.swift"; sourceTree = "<group>"; };
		5890B8A121F5B36400625C2E /* DateFormatter+Extensions.swift */ = {isa = PBXFileReference; lastKnownFileType = sourcecode.swift; path = "DateFormatter+Extensions.swift"; sourceTree = "<group>"; };
		58BCB18321FB45F800F148F1 /* WeatherNetworkService.swift */ = {isa = PBXFileReference; lastKnownFileType = sourcecode.swift; path = WeatherNetworkService.swift; sourceTree = "<group>"; };
		58E42E76220092090074A159 /* ObservableWrapper.swift */ = {isa = PBXFileReference; lastKnownFileType = sourcecode.swift; path = ObservableWrapper.swift; sourceTree = "<group>"; };
		617419507F0F896762CCD616 /* Pods_WeatherApi.framework */ = {isa = PBXFileReference; explicitFileType = wrapper.framework; includeInIndex = 0; path = Pods_WeatherApi.framework; sourceTree = BUILT_PRODUCTS_DIR; };
		62E4A30FF39FE4A644BFDE92 /* Pods_WeatherApiUITests.framework */ = {isa = PBXFileReference; explicitFileType = wrapper.framework; includeInIndex = 0; path = Pods_WeatherApiUITests.framework; sourceTree = BUILT_PRODUCTS_DIR; };
		84CC57D8E0E6DBF5F403838F /* Pods-WeatherApi.release.xcconfig */ = {isa = PBXFileReference; includeInIndex = 1; lastKnownFileType = text.xcconfig; name = "Pods-WeatherApi.release.xcconfig"; path = "Target Support Files/Pods-WeatherApi/Pods-WeatherApi.release.xcconfig"; sourceTree = "<group>"; };
		894C48EE4AD2455FDBB3F26B /* Pods-WeatherApi.debug.xcconfig */ = {isa = PBXFileReference; includeInIndex = 1; lastKnownFileType = text.xcconfig; name = "Pods-WeatherApi.debug.xcconfig"; path = "Target Support Files/Pods-WeatherApi/Pods-WeatherApi.debug.xcconfig"; sourceTree = "<group>"; };
		966C2EF154FCA402957F83A4 /* Pods-WeatherApiTests.debug.xcconfig */ = {isa = PBXFileReference; includeInIndex = 1; lastKnownFileType = text.xcconfig; name = "Pods-WeatherApiTests.debug.xcconfig"; path = "Target Support Files/Pods-WeatherApiTests/Pods-WeatherApiTests.debug.xcconfig"; sourceTree = "<group>"; };
		AF5019BDCF0CAC6BC2163BB1 /* Pods-WeatherApiUITests.release.xcconfig */ = {isa = PBXFileReference; includeInIndex = 1; lastKnownFileType = text.xcconfig; name = "Pods-WeatherApiUITests.release.xcconfig"; path = "Target Support Files/Pods-WeatherApiUITests/Pods-WeatherApiUITests.release.xcconfig"; sourceTree = "<group>"; };
/* End PBXFileReference section */

/* Begin PBXFrameworksBuildPhase section */
		5855E2A621E73CE200A3D463 /* Frameworks */ = {
			isa = PBXFrameworksBuildPhase;
			buildActionMask = 2147483647;
			files = (
				505DD443A4B8EB6D479AAD2D /* Pods_WeatherApi.framework in Frameworks */,
			);
			runOnlyForDeploymentPostprocessing = 0;
		};
		5855E2BA21E73CE300A3D463 /* Frameworks */ = {
			isa = PBXFrameworksBuildPhase;
			buildActionMask = 2147483647;
			files = (
				B7FC18E815DE829466D08E40 /* Pods_WeatherApiTests.framework in Frameworks */,
			);
			runOnlyForDeploymentPostprocessing = 0;
		};
		5855E2C521E73CE300A3D463 /* Frameworks */ = {
			isa = PBXFrameworksBuildPhase;
			buildActionMask = 2147483647;
			files = (
				C588F29A4DF3EA04BEF9A958 /* Pods_WeatherApiUITests.framework in Frameworks */,
			);
			runOnlyForDeploymentPostprocessing = 0;
		};
/* End PBXFrameworksBuildPhase section */

/* Begin PBXGroup section */
		582EDF5021E7420100DDE595 /* Lib */ = {
			isa = PBXGroup;
			children = (
				587C3A732212EEA0009E1B26 /* Functions */,
				582EDF5121E7420100DDE595 /* Types */,
				582EDF5521E7420100DDE595 /* Mixin */,
				582EDF5721E7420100DDE595 /* Extensions */,
				582EDF6121E7420100DDE595 /* Protocols */,
			);
			path = Lib;
			sourceTree = "<group>";
		};
		582EDF5121E7420100DDE595 /* Types */ = {
			isa = PBXGroup;
			children = (
				58473E7D221D5B13007DEBAC /* ID */,
				587C3A712212E59F009E1B26 /* Result.swift */,
				5850C67F22046380009CF3EE /* CancellableProperty.swift */,
				582EDF6F21E746D100DDE595 /* ObservableObject.Observer.swift */,
				582EDF7021E746D100DDE595 /* ObservableObject.swift */,
				582EDF5221E7420100DDE595 /* PositionGenerator.swift */,
				582EDF5421E7420100DDE595 /* Atomic.swift */,
				58E42E76220092090074A159 /* ObservableWrapper.swift */,
				58458CF2221C4D56005CA0F0 /* WeakBox.swift */,
			);
			path = Types;
			sourceTree = "<group>";
		};
		582EDF5521E7420100DDE595 /* Mixin */ = {
			isa = PBXGroup;
			children = (
				582EDF5621E7420100DDE595 /* RootViewRepresentable.swift */,
				588C993B21EC8F2B00E396DB /* ColorRepresentable.swift */,
			);
			path = Mixin;
			sourceTree = "<group>";
		};
		582EDF5721E7420100DDE595 /* Extensions */ = {
			isa = PBXGroup;
			children = (
				588C993821EC82B600E396DB /* UIKit */,
				582EDF5821E7420100DDE595 /* Foundation */,
				582EDF5F21E7420100DDE595 /* Core Graphics */,
				5847DB692216BB2C003DA45E /* Realm+Extensions.swift */,
			);
			path = Extensions;
			sourceTree = "<group>";
		};
		582EDF5821E7420100DDE595 /* Foundation */ = {
			isa = PBXGroup;
			children = (
				582EDF5921E7420100DDE595 /* DispatchQueue+Extensions.swift */,
				582EDF5A21E7420100DDE595 /* DispatchTime+Extensions.swift */,
				582EDF5B21E7420100DDE595 /* RangeReplaceableCollection+Extensions.swift */,
				582EDF5C21E7420100DDE595 /* NSLocking+Extensions.swift */,
				582EDF5D21E7420100DDE595 /* Optional+Extensions.swift */,
				582EDF5E21E7420100DDE595 /* Strideable+Extensions.swift */,
				5890B89F21F5B33A00625C2E /* Date+Extensions.swift */,
				5890B8A121F5B36400625C2E /* DateFormatter+Extensions.swift */,
			);
			path = Foundation;
			sourceTree = "<group>";
		};
		582EDF5F21E7420100DDE595 /* Core Graphics */ = {
			isa = PBXGroup;
			children = (
				582EDF6021E7420100DDE595 /* CGRect+Extensions.swift */,
			);
			path = "Core Graphics";
			sourceTree = "<group>";
		};
		582EDF6121E7420100DDE595 /* Protocols */ = {
			isa = PBXGroup;
			children = (
				582EDF6221E7420100DDE595 /* Cancellable.swift */,
				5860E868221EC4C600064513 /* StorageProvider.swift */,
				5860E86A221EC4DD00064513 /* RealmModelSerializable.swift */,
			);
			path = Protocols;
			sourceTree = "<group>";
		};
		582EDF7321E75ED100DDE595 /* CountriesViewController */ = {
			isa = PBXGroup;
			children = (
				5864008E21EDE6A100AB75F0 /* Private */,
				582EDF7421E75F4600DDE595 /* CountriesViewController.swift */,
				582EDF7521E75F4600DDE595 /* CountriesViewController.xib */,
				582EDF7821E75F6500DDE595 /* CountriesView.swift */,
			);
			path = CountriesViewController;
			sourceTree = "<group>";
		};
		582EDF7E21E7809500DDE595 /* Models */ = {
			isa = PBXGroup;
			children = (
				5890B8A521F5CB4100625C2E /* Structs */,
				588129A521EF7B45000E48B4 /* CountriesModel.swift */,
				580CA5BF21FB0AAB0096E878 /* Weather.swift */,
				580CA5C121FB0B270096E878 /* Country.swift */,
			);
			path = Models;
			sourceTree = "<group>";
		};
		5846E6DF220AEB610004BD46 /* Views */ = {
			isa = PBXGroup;
			children = (
				5864008F21EDE6F100AB75F0 /* TableViewCell.swift */,
			);
			path = Views;
			sourceTree = "<group>";
		};
		58473E7D221D5B13007DEBAC /* ID */ = {
			isa = PBXGroup;
			children = (
				58473E7B221D5842007DEBAC /* ID.swift */,
				58473E7E221D5B25007DEBAC /* IDProvider.swift */,
			);
			path = ID;
			sourceTree = "<group>";
		};
		5855E2A021E73CE200A3D463 = {
			isa = PBXGroup;
			children = (
				5855E2AB21E73CE200A3D463 /* WeatherApi */,
				5855E2C021E73CE300A3D463 /* WeatherApiTests */,
				5855E2CB21E73CE300A3D463 /* WeatherApiUITests */,
				5855E2AA21E73CE200A3D463 /* Products */,
				F8BB3C9EE67A0E17FF96A584 /* Pods */,
				C98541A71F263B92A4060ACF /* Frameworks */,
			);
			sourceTree = "<group>";
		};
		5855E2AA21E73CE200A3D463 /* Products */ = {
			isa = PBXGroup;
			children = (
				5855E2A921E73CE200A3D463 /* WeatherApi.app */,
				5855E2BD21E73CE300A3D463 /* WeatherApiTests.xctest */,
				5855E2C821E73CE300A3D463 /* WeatherApiUITests.xctest */,
			);
			name = Products;
			sourceTree = "<group>";
		};
		5855E2AB21E73CE200A3D463 /* WeatherApi */ = {
			isa = PBXGroup;
			children = (
				588C993D21EC8F7800E396DB /* Resources */,
				5864008921EDE12500AB75F0 /* Services */,
				582EDF7E21E7809500DDE595 /* Models */,
				582EDF5021E7420100DDE595 /* Lib */,
				5855E2DA21E73E7400A3D463 /* UI */,
				5855E2AC21E73CE200A3D463 /* AppDelegate.swift */,
				5855E2B521E73CE300A3D463 /* LaunchScreen.storyboard */,
				5855E2B821E73CE300A3D463 /* Info.plist */,
			);
			path = WeatherApi;
			sourceTree = "<group>";
		};
		5855E2C021E73CE300A3D463 /* WeatherApiTests */ = {
			isa = PBXGroup;
			children = (
				5855E2C121E73CE300A3D463 /* WeatherApiTests.swift */,
				5855E2C321E73CE300A3D463 /* Info.plist */,
			);
			path = WeatherApiTests;
			sourceTree = "<group>";
		};
		5855E2CB21E73CE300A3D463 /* WeatherApiUITests */ = {
			isa = PBXGroup;
			children = (
				5855E2CC21E73CE300A3D463 /* WeatherApiUITests.swift */,
				5855E2CE21E73CE300A3D463 /* Info.plist */,
			);
			path = WeatherApiUITests;
			sourceTree = "<group>";
		};
		5855E2DA21E73E7400A3D463 /* UI */ = {
			isa = PBXGroup;
			children = (
				5846E6DF220AEB610004BD46 /* Views */,
				582EDF7321E75ED100DDE595 /* CountriesViewController */,
				5855E2DB21E73E7A00A3D463 /* WeatherViewController */,
			);
			path = UI;
			sourceTree = "<group>";
		};
		5855E2DB21E73E7A00A3D463 /* WeatherViewController */ = {
			isa = PBXGroup;
			children = (
				5855E2DC21E73EB200A3D463 /* WeatherViewController.swift */,
				5855E2DD21E73EB200A3D463 /* WeatherViewController.xib */,
				5855E2E021E73EDD00A3D463 /* WeatherView.swift */,
			);
			path = WeatherViewController;
			sourceTree = "<group>";
		};
		5860E85B221EC34600064513 /* RealmService */ = {
			isa = PBXGroup;
			children = (
				5860E85E221EC39A00064513 /* DataRealm.swift */,
				5860E860221EC3D700064513 /* DataBaseService.swift */,
				5860E862221EC44300064513 /* RLMModel.swift */,
				5860E864221EC47900064513 /* WeatherRLM.swift */,
				5860E866221EC48600064513 /* CountryRLM.swift */,
			);
			path = RealmService;
			sourceTree = "<group>";
		};
		5860E85C221EC36100064513 /* NetworkService */ = {
			isa = PBXGroup;
			children = (
				580CA5C521FB3EA30096E878 /* CountriesNetworkService.swift */,
				58BCB18321FB45F800F148F1 /* WeatherNetworkService.swift */,
				587C3A6F2212E094009E1B26 /* NetworkTask.swift */,
			);
			path = NetworkService;
			sourceTree = "<group>";
		};
		5860E85D221EC37800064513 /* RequestService */ = {
			isa = PBXGroup;
			children = (
				582EDF7F21E780B400DDE595 /* RequestService.swift */,
			);
			path = RequestService;
			sourceTree = "<group>";
		};
		5864008921EDE12500AB75F0 /* Services */ = {
			isa = PBXGroup;
			children = (
				5860E85D221EC37800064513 /* RequestService */,
				5860E85C221EC36100064513 /* NetworkService */,
				5860E85B221EC34600064513 /* RealmService */,
			);
			path = Services;
			sourceTree = "<group>";
		};
		5864008E21EDE6A100AB75F0 /* Private */ = {
			isa = PBXGroup;
			children = (
				5864008A21EDE64500AB75F0 /* CountryTableViewCell.swift */,
				5864008B21EDE64500AB75F0 /* CountryTableViewCell.xib */,
			);
			path = Private;
			sourceTree = "<group>";
		};
		587C3A732212EEA0009E1B26 /* Functions */ = {
			isa = PBXGroup;
			children = (
				587C3A742212EEC8009E1B26 /* PrecedenceGroup.swift */,
				587C3A762212EEDB009E1B26 /* Operators.swift */,
				582EDF5321E7420100DDE595 /* F.swift */,
			);
			path = Functions;
			sourceTree = "<group>";
		};
		588C993821EC82B600E396DB /* UIKit */ = {
			isa = PBXGroup;
			children = (
				588C993921EC82DB00E396DB /* UIColor+Extensions.swift */,
				588129A121EF47DE000E48B4 /* UINib+Extensions.swift */,
				588129A321EF4830000E48B4 /* UITableView+Extensions.swift */,
			);
			path = UIKit;
			sourceTree = "<group>";
		};
		588C993D21EC8F7800E396DB /* Resources */ = {
			isa = PBXGroup;
			children = (
				5855E2B321E73CE300A3D463 /* Assets.xcassets */,
				588C993E21EC8FAD00E396DB /* Color.swift */,
			);
			path = Resources;
			sourceTree = "<group>";
		};
		5890B8A521F5CB4100625C2E /* Structs */ = {
			isa = PBXGroup;
			children = (
				588C994021ECB3A800E396DB /* JSONCountry.swift */,
				588C994221ECC46C00E396DB /* JSONWeather.swift */,
				584B12492202F271004AC02D /* Temperature.swift */,
			);
			path = Structs;
			sourceTree = "<group>";
		};
		C98541A71F263B92A4060ACF /* Frameworks */ = {
			isa = PBXGroup;
			children = (
				617419507F0F896762CCD616 /* Pods_WeatherApi.framework */,
				12725E8B71D0D59F707066F5 /* Pods_WeatherApiTests.framework */,
				62E4A30FF39FE4A644BFDE92 /* Pods_WeatherApiUITests.framework */,
			);
			name = Frameworks;
			sourceTree = "<group>";
		};
		F8BB3C9EE67A0E17FF96A584 /* Pods */ = {
			isa = PBXGroup;
			children = (
				894C48EE4AD2455FDBB3F26B /* Pods-WeatherApi.debug.xcconfig */,
				84CC57D8E0E6DBF5F403838F /* Pods-WeatherApi.release.xcconfig */,
				966C2EF154FCA402957F83A4 /* Pods-WeatherApiTests.debug.xcconfig */,
				1F9FCFF9A9D9341116065752 /* Pods-WeatherApiTests.release.xcconfig */,
				024FEBECBB8D051A7E5F3C58 /* Pods-WeatherApiUITests.debug.xcconfig */,
				AF5019BDCF0CAC6BC2163BB1 /* Pods-WeatherApiUITests.release.xcconfig */,
			);
			path = Pods;
			sourceTree = "<group>";
		};
/* End PBXGroup section */

/* Begin PBXNativeTarget section */
		5855E2A821E73CE200A3D463 /* WeatherApi */ = {
			isa = PBXNativeTarget;
			buildConfigurationList = 5855E2D121E73CE300A3D463 /* Build configuration list for PBXNativeTarget "WeatherApi" */;
			buildPhases = (
				142DC1A26278049D9BE45B74 /* [CP] Check Pods Manifest.lock */,
				5855E2A521E73CE200A3D463 /* Sources */,
				5855E2A621E73CE200A3D463 /* Frameworks */,
				5855E2A721E73CE200A3D463 /* Resources */,
				1E3CE905177A52B10E1B4D16 /* [CP] Embed Pods Frameworks */,
			);
			buildRules = (
			);
			dependencies = (
			);
			name = WeatherApi;
			productName = WeatherApi;
			productReference = 5855E2A921E73CE200A3D463 /* WeatherApi.app */;
			productType = "com.apple.product-type.application";
		};
		5855E2BC21E73CE300A3D463 /* WeatherApiTests */ = {
			isa = PBXNativeTarget;
			buildConfigurationList = 5855E2D421E73CE300A3D463 /* Build configuration list for PBXNativeTarget "WeatherApiTests" */;
			buildPhases = (
				9551F7CE80846B28C82659FC /* [CP] Check Pods Manifest.lock */,
				5855E2B921E73CE300A3D463 /* Sources */,
				5855E2BA21E73CE300A3D463 /* Frameworks */,
				5855E2BB21E73CE300A3D463 /* Resources */,
			);
			buildRules = (
			);
			dependencies = (
				5855E2BF21E73CE300A3D463 /* PBXTargetDependency */,
			);
			name = WeatherApiTests;
			productName = WeatherApiTests;
			productReference = 5855E2BD21E73CE300A3D463 /* WeatherApiTests.xctest */;
			productType = "com.apple.product-type.bundle.unit-test";
		};
		5855E2C721E73CE300A3D463 /* WeatherApiUITests */ = {
			isa = PBXNativeTarget;
			buildConfigurationList = 5855E2D721E73CE300A3D463 /* Build configuration list for PBXNativeTarget "WeatherApiUITests" */;
			buildPhases = (
				06E1E5A8096C8D0E3E04B2A0 /* [CP] Check Pods Manifest.lock */,
				5855E2C421E73CE300A3D463 /* Sources */,
				5855E2C521E73CE300A3D463 /* Frameworks */,
				5855E2C621E73CE300A3D463 /* Resources */,
			);
			buildRules = (
			);
			dependencies = (
				5855E2CA21E73CE300A3D463 /* PBXTargetDependency */,
			);
			name = WeatherApiUITests;
			productName = WeatherApiUITests;
			productReference = 5855E2C821E73CE300A3D463 /* WeatherApiUITests.xctest */;
			productType = "com.apple.product-type.bundle.ui-testing";
		};
/* End PBXNativeTarget section */

/* Begin PBXProject section */
		5855E2A121E73CE200A3D463 /* Project object */ = {
			isa = PBXProject;
			attributes = {
				LastSwiftUpdateCheck = 1000;
				LastUpgradeCheck = 1000;
				ORGANIZATIONNAME = Student;
				TargetAttributes = {
					5855E2A821E73CE200A3D463 = {
						CreatedOnToolsVersion = 10.0;
					};
					5855E2BC21E73CE300A3D463 = {
						CreatedOnToolsVersion = 10.0;
						TestTargetID = 5855E2A821E73CE200A3D463;
					};
					5855E2C721E73CE300A3D463 = {
						CreatedOnToolsVersion = 10.0;
						TestTargetID = 5855E2A821E73CE200A3D463;
					};
				};
			};
			buildConfigurationList = 5855E2A421E73CE200A3D463 /* Build configuration list for PBXProject "WeatherApi" */;
			compatibilityVersion = "Xcode 9.3";
			developmentRegion = en;
			hasScannedForEncodings = 0;
			knownRegions = (
				en,
				Base,
			);
			mainGroup = 5855E2A021E73CE200A3D463;
			productRefGroup = 5855E2AA21E73CE200A3D463 /* Products */;
			projectDirPath = "";
			projectRoot = "";
			targets = (
				5855E2A821E73CE200A3D463 /* WeatherApi */,
				5855E2BC21E73CE300A3D463 /* WeatherApiTests */,
				5855E2C721E73CE300A3D463 /* WeatherApiUITests */,
			);
		};
/* End PBXProject section */

/* Begin PBXResourcesBuildPhase section */
		5855E2A721E73CE200A3D463 /* Resources */ = {
			isa = PBXResourcesBuildPhase;
			buildActionMask = 2147483647;
			files = (
				5855E2B721E73CE300A3D463 /* LaunchScreen.storyboard in Resources */,
				5855E2DF21E73EB200A3D463 /* WeatherViewController.xib in Resources */,
				5855E2B421E73CE300A3D463 /* Assets.xcassets in Resources */,
				582EDF7721E75F4600DDE595 /* CountriesViewController.xib in Resources */,
				5864008D21EDE64500AB75F0 /* CountryTableViewCell.xib in Resources */,
			);
			runOnlyForDeploymentPostprocessing = 0;
		};
		5855E2BB21E73CE300A3D463 /* Resources */ = {
			isa = PBXResourcesBuildPhase;
			buildActionMask = 2147483647;
			files = (
			);
			runOnlyForDeploymentPostprocessing = 0;
		};
		5855E2C621E73CE300A3D463 /* Resources */ = {
			isa = PBXResourcesBuildPhase;
			buildActionMask = 2147483647;
			files = (
			);
			runOnlyForDeploymentPostprocessing = 0;
		};
/* End PBXResourcesBuildPhase section */

/* Begin PBXShellScriptBuildPhase section */
		06E1E5A8096C8D0E3E04B2A0 /* [CP] Check Pods Manifest.lock */ = {
			isa = PBXShellScriptBuildPhase;
			buildActionMask = 2147483647;
			files = (
			);
			inputFileListPaths = (
			);
			inputPaths = (
				"${PODS_PODFILE_DIR_PATH}/Podfile.lock",
				"${PODS_ROOT}/Manifest.lock",
			);
			name = "[CP] Check Pods Manifest.lock";
			outputFileListPaths = (
			);
			outputPaths = (
				"$(DERIVED_FILE_DIR)/Pods-WeatherApiUITests-checkManifestLockResult.txt",
			);
			runOnlyForDeploymentPostprocessing = 0;
			shellPath = /bin/sh;
			shellScript = "diff \"${PODS_PODFILE_DIR_PATH}/Podfile.lock\" \"${PODS_ROOT}/Manifest.lock\" > /dev/null\nif [ $? != 0 ] ; then\n    # print error to STDERR\n    echo \"error: The sandbox is not in sync with the Podfile.lock. Run 'pod install' or update your CocoaPods installation.\" >&2\n    exit 1\nfi\n# This output is used by Xcode 'outputs' to avoid re-running this script phase.\necho \"SUCCESS\" > \"${SCRIPT_OUTPUT_FILE_0}\"\n";
			showEnvVarsInLog = 0;
		};
		142DC1A26278049D9BE45B74 /* [CP] Check Pods Manifest.lock */ = {
			isa = PBXShellScriptBuildPhase;
			buildActionMask = 2147483647;
			files = (
			);
			inputFileListPaths = (
			);
			inputPaths = (
				"${PODS_PODFILE_DIR_PATH}/Podfile.lock",
				"${PODS_ROOT}/Manifest.lock",
			);
			name = "[CP] Check Pods Manifest.lock";
			outputFileListPaths = (
			);
			outputPaths = (
				"$(DERIVED_FILE_DIR)/Pods-WeatherApi-checkManifestLockResult.txt",
			);
			runOnlyForDeploymentPostprocessing = 0;
			shellPath = /bin/sh;
			shellScript = "diff \"${PODS_PODFILE_DIR_PATH}/Podfile.lock\" \"${PODS_ROOT}/Manifest.lock\" > /dev/null\nif [ $? != 0 ] ; then\n    # print error to STDERR\n    echo \"error: The sandbox is not in sync with the Podfile.lock. Run 'pod install' or update your CocoaPods installation.\" >&2\n    exit 1\nfi\n# This output is used by Xcode 'outputs' to avoid re-running this script phase.\necho \"SUCCESS\" > \"${SCRIPT_OUTPUT_FILE_0}\"\n";
			showEnvVarsInLog = 0;
		};
		1E3CE905177A52B10E1B4D16 /* [CP] Embed Pods Frameworks */ = {
			isa = PBXShellScriptBuildPhase;
			buildActionMask = 2147483647;
			files = (
			);
			inputFileListPaths = (
			);
			inputPaths = (
				"${PODS_ROOT}/Target Support Files/Pods-WeatherApi/Pods-WeatherApi-frameworks.sh",
				"${BUILT_PRODUCTS_DIR}/Alamofire/Alamofire.framework",
				"${BUILT_PRODUCTS_DIR}/Realm/Realm.framework",
				"${BUILT_PRODUCTS_DIR}/RealmSwift/RealmSwift.framework",
			);
			name = "[CP] Embed Pods Frameworks";
			outputFileListPaths = (
			);
			outputPaths = (
				"${TARGET_BUILD_DIR}/${FRAMEWORKS_FOLDER_PATH}/Alamofire.framework",
				"${TARGET_BUILD_DIR}/${FRAMEWORKS_FOLDER_PATH}/Realm.framework",
				"${TARGET_BUILD_DIR}/${FRAMEWORKS_FOLDER_PATH}/RealmSwift.framework",
			);
			runOnlyForDeploymentPostprocessing = 0;
			shellPath = /bin/sh;
			shellScript = "\"${PODS_ROOT}/Target Support Files/Pods-WeatherApi/Pods-WeatherApi-frameworks.sh\"\n";
			showEnvVarsInLog = 0;
		};
		9551F7CE80846B28C82659FC /* [CP] Check Pods Manifest.lock */ = {
			isa = PBXShellScriptBuildPhase;
			buildActionMask = 2147483647;
			files = (
			);
			inputFileListPaths = (
			);
			inputPaths = (
				"${PODS_PODFILE_DIR_PATH}/Podfile.lock",
				"${PODS_ROOT}/Manifest.lock",
			);
			name = "[CP] Check Pods Manifest.lock";
			outputFileListPaths = (
			);
			outputPaths = (
				"$(DERIVED_FILE_DIR)/Pods-WeatherApiTests-checkManifestLockResult.txt",
			);
			runOnlyForDeploymentPostprocessing = 0;
			shellPath = /bin/sh;
			shellScript = "diff \"${PODS_PODFILE_DIR_PATH}/Podfile.lock\" \"${PODS_ROOT}/Manifest.lock\" > /dev/null\nif [ $? != 0 ] ; then\n    # print error to STDERR\n    echo \"error: The sandbox is not in sync with the Podfile.lock. Run 'pod install' or update your CocoaPods installation.\" >&2\n    exit 1\nfi\n# This output is used by Xcode 'outputs' to avoid re-running this script phase.\necho \"SUCCESS\" > \"${SCRIPT_OUTPUT_FILE_0}\"\n";
			showEnvVarsInLog = 0;
		};
/* End PBXShellScriptBuildPhase section */

/* Begin PBXSourcesBuildPhase section */
		5855E2A521E73CE200A3D463 /* Sources */ = {
			isa = PBXSourcesBuildPhase;
			buildActionMask = 2147483647;
			files = (
				582EDF6E21E7420100DDE595 /* Cancellable.swift in Sources */,
				5847DB6A2216BB2C003DA45E /* Realm+Extensions.swift in Sources */,
				587C3A702212E094009E1B26 /* NetworkTask.swift in Sources */,
				5855E2E121E73EDD00A3D463 /* WeatherView.swift in Sources */,
				5860E869221EC4C600064513 /* StorageProvider.swift in Sources */,
				588C994321ECC46C00E396DB /* JSONWeather.swift in Sources */,
				588C993F21EC8FAD00E396DB /* Color.swift in Sources */,
				5860E865221EC47900064513 /* WeatherRLM.swift in Sources */,
				582EDF7221E746D100DDE595 /* ObservableObject.swift in Sources */,
				582EDF6B21E7420100DDE595 /* Optional+Extensions.swift in Sources */,
				5890B8A221F5B36400625C2E /* DateFormatter+Extensions.swift in Sources */,
				588C993A21EC82DB00E396DB /* UIColor+Extensions.swift in Sources */,
				582EDF6721E7420100DDE595 /* DispatchQueue+Extensions.swift in Sources */,
				5860E85F221EC39A00064513 /* DataRealm.swift in Sources */,
				58458CF3221C4D56005CA0F0 /* WeakBox.swift in Sources */,
				58E42E77220092090074A159 /* ObservableWrapper.swift in Sources */,
				5864008C21EDE64500AB75F0 /* CountryTableViewCell.swift in Sources */,
				5890B8A021F5B33A00625C2E /* Date+Extensions.swift in Sources */,
				582EDF8021E780B400DDE595 /* RequestService.swift in Sources */,
				5860E861221EC3D700064513 /* DataBaseService.swift in Sources */,
				582EDF7621E75F4600DDE595 /* CountriesViewController.swift in Sources */,
				582EDF6421E7420100DDE595 /* F.swift in Sources */,
				58473E7F221D5B25007DEBAC /* IDProvider.swift in Sources */,
				587C3A722212E59F009E1B26 /* Result.swift in Sources */,
				5864009021EDE6F100AB75F0 /* TableViewCell.swift in Sources */,
				587C3A772212EEDB009E1B26 /* Operators.swift in Sources */,
				5855E2AD21E73CE200A3D463 /* AppDelegate.swift in Sources */,
				588129A421EF4830000E48B4 /* UITableView+Extensions.swift in Sources */,
				588129A621EF7B45000E48B4 /* CountriesModel.swift in Sources */,
				587C3A752212EEC8009E1B26 /* PrecedenceGroup.swift in Sources */,
				580CA5C621FB3EA30096E878 /* CountriesNetworkService.swift in Sources */,
				588C993C21EC8F2B00E396DB /* ColorRepresentable.swift in Sources */,
				5860E86B221EC4DD00064513 /* RealmModelSerializable.swift in Sources */,
				582EDF7921E75F6500DDE595 /* CountriesView.swift in Sources */,
				582EDF6321E7420100DDE595 /* PositionGenerator.swift in Sources */,
				588129A221EF47DE000E48B4 /* UINib+Extensions.swift in Sources */,
				582EDF6821E7420100DDE595 /* DispatchTime+Extensions.swift in Sources */,
				582EDF6921E7420100DDE595 /* RangeReplaceableCollection+Extensions.swift in Sources */,
				582EDF6521E7420100DDE595 /* Atomic.swift in Sources */,
				582EDF6621E7420100DDE595 /* RootViewRepresentable.swift in Sources */,
				588C994121ECB3A800E396DB /* JSONCountry.swift in Sources */,
				580CA5C221FB0B270096E878 /* Country.swift in Sources */,
				582EDF6A21E7420100DDE595 /* NSLocking+Extensions.swift in Sources */,
				58473E7C221D5842007DEBAC /* ID.swift in Sources */,
				582EDF7121E746D100DDE595 /* ObservableObject.Observer.swift in Sources */,
				582EDF6D21E7420100DDE595 /* CGRect+Extensions.swift in Sources */,
				5860E867221EC48600064513 /* CountryRLM.swift in Sources */,
				58BCB18421FB45F800F148F1 /* WeatherNetworkService.swift in Sources */,
				584B124A2202F271004AC02D /* Temperature.swift in Sources */,
				582EDF6C21E7420100DDE595 /* Strideable+Extensions.swift in Sources */,
				5860E863221EC44300064513 /* RLMModel.swift in Sources */,
				5855E2DE21E73EB200A3D463 /* WeatherViewController.swift in Sources */,
				580CA5C021FB0AAB0096E878 /* Weather.swift in Sources */,
				5850C68022046380009CF3EE /* CancellableProperty.swift in Sources */,
			);
			runOnlyForDeploymentPostprocessing = 0;
		};
		5855E2B921E73CE300A3D463 /* Sources */ = {
			isa = PBXSourcesBuildPhase;
			buildActionMask = 2147483647;
			files = (
				5855E2C221E73CE300A3D463 /* WeatherApiTests.swift in Sources */,
			);
			runOnlyForDeploymentPostprocessing = 0;
		};
		5855E2C421E73CE300A3D463 /* Sources */ = {
			isa = PBXSourcesBuildPhase;
			buildActionMask = 2147483647;
			files = (
				5855E2CD21E73CE300A3D463 /* WeatherApiUITests.swift in Sources */,
			);
			runOnlyForDeploymentPostprocessing = 0;
		};
/* End PBXSourcesBuildPhase section */

/* Begin PBXTargetDependency section */
		5855E2BF21E73CE300A3D463 /* PBXTargetDependency */ = {
			isa = PBXTargetDependency;
			target = 5855E2A821E73CE200A3D463 /* WeatherApi */;
			targetProxy = 5855E2BE21E73CE300A3D463 /* PBXContainerItemProxy */;
		};
		5855E2CA21E73CE300A3D463 /* PBXTargetDependency */ = {
			isa = PBXTargetDependency;
			target = 5855E2A821E73CE200A3D463 /* WeatherApi */;
			targetProxy = 5855E2C921E73CE300A3D463 /* PBXContainerItemProxy */;
		};
/* End PBXTargetDependency section */

/* Begin PBXVariantGroup section */
		5855E2B521E73CE300A3D463 /* LaunchScreen.storyboard */ = {
			isa = PBXVariantGroup;
			children = (
				5855E2B621E73CE300A3D463 /* Base */,
			);
			name = LaunchScreen.storyboard;
			sourceTree = "<group>";
		};
/* End PBXVariantGroup section */

/* Begin XCBuildConfiguration section */
		5855E2CF21E73CE300A3D463 /* Debug */ = {
			isa = XCBuildConfiguration;
			buildSettings = {
				ALWAYS_SEARCH_USER_PATHS = NO;
				CLANG_ANALYZER_NONNULL = YES;
				CLANG_ANALYZER_NUMBER_OBJECT_CONVERSION = YES_AGGRESSIVE;
				CLANG_CXX_LANGUAGE_STANDARD = "gnu++14";
				CLANG_CXX_LIBRARY = "libc++";
				CLANG_ENABLE_MODULES = YES;
				CLANG_ENABLE_OBJC_ARC = YES;
				CLANG_ENABLE_OBJC_WEAK = YES;
				CLANG_WARN_BLOCK_CAPTURE_AUTORELEASING = YES;
				CLANG_WARN_BOOL_CONVERSION = YES;
				CLANG_WARN_COMMA = YES;
				CLANG_WARN_CONSTANT_CONVERSION = YES;
				CLANG_WARN_DEPRECATED_OBJC_IMPLEMENTATIONS = YES;
				CLANG_WARN_DIRECT_OBJC_ISA_USAGE = YES_ERROR;
				CLANG_WARN_DOCUMENTATION_COMMENTS = YES;
				CLANG_WARN_EMPTY_BODY = YES;
				CLANG_WARN_ENUM_CONVERSION = YES;
				CLANG_WARN_INFINITE_RECURSION = YES;
				CLANG_WARN_INT_CONVERSION = YES;
				CLANG_WARN_NON_LITERAL_NULL_CONVERSION = YES;
				CLANG_WARN_OBJC_IMPLICIT_RETAIN_SELF = YES;
				CLANG_WARN_OBJC_LITERAL_CONVERSION = YES;
				CLANG_WARN_OBJC_ROOT_CLASS = YES_ERROR;
				CLANG_WARN_RANGE_LOOP_ANALYSIS = YES;
				CLANG_WARN_STRICT_PROTOTYPES = YES;
				CLANG_WARN_SUSPICIOUS_MOVE = YES;
				CLANG_WARN_UNGUARDED_AVAILABILITY = YES_AGGRESSIVE;
				CLANG_WARN_UNREACHABLE_CODE = YES;
				CLANG_WARN__DUPLICATE_METHOD_MATCH = YES;
				CODE_SIGN_IDENTITY = "iPhone Developer";
				COPY_PHASE_STRIP = NO;
				DEBUG_INFORMATION_FORMAT = dwarf;
				ENABLE_STRICT_OBJC_MSGSEND = YES;
				ENABLE_TESTABILITY = YES;
				GCC_C_LANGUAGE_STANDARD = gnu11;
				GCC_DYNAMIC_NO_PIC = NO;
				GCC_NO_COMMON_BLOCKS = YES;
				GCC_OPTIMIZATION_LEVEL = 0;
				GCC_PREPROCESSOR_DEFINITIONS = (
					"DEBUG=1",
					"$(inherited)",
				);
				GCC_WARN_64_TO_32_BIT_CONVERSION = YES;
				GCC_WARN_ABOUT_RETURN_TYPE = YES_ERROR;
				GCC_WARN_UNDECLARED_SELECTOR = YES;
				GCC_WARN_UNINITIALIZED_AUTOS = YES_AGGRESSIVE;
				GCC_WARN_UNUSED_FUNCTION = YES;
				GCC_WARN_UNUSED_VARIABLE = YES;
				IPHONEOS_DEPLOYMENT_TARGET = 12.0;
				MTL_ENABLE_DEBUG_INFO = INCLUDE_SOURCE;
				MTL_FAST_MATH = YES;
				ONLY_ACTIVE_ARCH = YES;
				SDKROOT = iphoneos;
				SWIFT_ACTIVE_COMPILATION_CONDITIONS = DEBUG;
				SWIFT_OPTIMIZATION_LEVEL = "-Onone";
			};
			name = Debug;
		};
		5855E2D021E73CE300A3D463 /* Release */ = {
			isa = XCBuildConfiguration;
			buildSettings = {
				ALWAYS_SEARCH_USER_PATHS = NO;
				CLANG_ANALYZER_NONNULL = YES;
				CLANG_ANALYZER_NUMBER_OBJECT_CONVERSION = YES_AGGRESSIVE;
				CLANG_CXX_LANGUAGE_STANDARD = "gnu++14";
				CLANG_CXX_LIBRARY = "libc++";
				CLANG_ENABLE_MODULES = YES;
				CLANG_ENABLE_OBJC_ARC = YES;
				CLANG_ENABLE_OBJC_WEAK = YES;
				CLANG_WARN_BLOCK_CAPTURE_AUTORELEASING = YES;
				CLANG_WARN_BOOL_CONVERSION = YES;
				CLANG_WARN_COMMA = YES;
				CLANG_WARN_CONSTANT_CONVERSION = YES;
				CLANG_WARN_DEPRECATED_OBJC_IMPLEMENTATIONS = YES;
				CLANG_WARN_DIRECT_OBJC_ISA_USAGE = YES_ERROR;
				CLANG_WARN_DOCUMENTATION_COMMENTS = YES;
				CLANG_WARN_EMPTY_BODY = YES;
				CLANG_WARN_ENUM_CONVERSION = YES;
				CLANG_WARN_INFINITE_RECURSION = YES;
				CLANG_WARN_INT_CONVERSION = YES;
				CLANG_WARN_NON_LITERAL_NULL_CONVERSION = YES;
				CLANG_WARN_OBJC_IMPLICIT_RETAIN_SELF = YES;
				CLANG_WARN_OBJC_LITERAL_CONVERSION = YES;
				CLANG_WARN_OBJC_ROOT_CLASS = YES_ERROR;
				CLANG_WARN_RANGE_LOOP_ANALYSIS = YES;
				CLANG_WARN_STRICT_PROTOTYPES = YES;
				CLANG_WARN_SUSPICIOUS_MOVE = YES;
				CLANG_WARN_UNGUARDED_AVAILABILITY = YES_AGGRESSIVE;
				CLANG_WARN_UNREACHABLE_CODE = YES;
				CLANG_WARN__DUPLICATE_METHOD_MATCH = YES;
				CODE_SIGN_IDENTITY = "iPhone Developer";
				COPY_PHASE_STRIP = NO;
				DEBUG_INFORMATION_FORMAT = "dwarf-with-dsym";
				ENABLE_NS_ASSERTIONS = NO;
				ENABLE_STRICT_OBJC_MSGSEND = YES;
				GCC_C_LANGUAGE_STANDARD = gnu11;
				GCC_NO_COMMON_BLOCKS = YES;
				GCC_WARN_64_TO_32_BIT_CONVERSION = YES;
				GCC_WARN_ABOUT_RETURN_TYPE = YES_ERROR;
				GCC_WARN_UNDECLARED_SELECTOR = YES;
				GCC_WARN_UNINITIALIZED_AUTOS = YES_AGGRESSIVE;
				GCC_WARN_UNUSED_FUNCTION = YES;
				GCC_WARN_UNUSED_VARIABLE = YES;
				IPHONEOS_DEPLOYMENT_TARGET = 12.0;
				MTL_ENABLE_DEBUG_INFO = NO;
				MTL_FAST_MATH = YES;
				SDKROOT = iphoneos;
				SWIFT_COMPILATION_MODE = wholemodule;
				SWIFT_OPTIMIZATION_LEVEL = "-O";
				VALIDATE_PRODUCT = YES;
			};
			name = Release;
		};
		5855E2D221E73CE300A3D463 /* Debug */ = {
			isa = XCBuildConfiguration;
			baseConfigurationReference = 894C48EE4AD2455FDBB3F26B /* Pods-WeatherApi.debug.xcconfig */;
			buildSettings = {
				ASSETCATALOG_COMPILER_APPICON_NAME = AppIcon;
				CODE_SIGN_STYLE = Automatic;
				DEVELOPMENT_TEAM = NFU7KP6QLW;
				INFOPLIST_FILE = WeatherApi/Info.plist;
				LD_RUNPATH_SEARCH_PATHS = (
					"$(inherited)",
					"@executable_path/Frameworks",
				);
				PRODUCT_BUNDLE_IDENTIFIER = Idap.WeatherApi;
				PRODUCT_NAME = "$(TARGET_NAME)";
				SWIFT_VERSION = 4.2;
				TARGETED_DEVICE_FAMILY = "1,2";
			};
			name = Debug;
		};
		5855E2D321E73CE300A3D463 /* Release */ = {
			isa = XCBuildConfiguration;
			baseConfigurationReference = 84CC57D8E0E6DBF5F403838F /* Pods-WeatherApi.release.xcconfig */;
			buildSettings = {
				ASSETCATALOG_COMPILER_APPICON_NAME = AppIcon;
				CODE_SIGN_STYLE = Automatic;
				DEVELOPMENT_TEAM = NFU7KP6QLW;
				INFOPLIST_FILE = WeatherApi/Info.plist;
				LD_RUNPATH_SEARCH_PATHS = (
					"$(inherited)",
					"@executable_path/Frameworks",
				);
				PRODUCT_BUNDLE_IDENTIFIER = Idap.WeatherApi;
				PRODUCT_NAME = "$(TARGET_NAME)";
				SWIFT_VERSION = 4.2;
				TARGETED_DEVICE_FAMILY = "1,2";
			};
			name = Release;
		};
		5855E2D521E73CE300A3D463 /* Debug */ = {
			isa = XCBuildConfiguration;
			baseConfigurationReference = 966C2EF154FCA402957F83A4 /* Pods-WeatherApiTests.debug.xcconfig */;
			buildSettings = {
				ALWAYS_EMBED_SWIFT_STANDARD_LIBRARIES = YES;
				BUNDLE_LOADER = "$(TEST_HOST)";
				CODE_SIGN_STYLE = Automatic;
				DEVELOPMENT_TEAM = NFU7KP6QLW;
				INFOPLIST_FILE = WeatherApiTests/Info.plist;
				LD_RUNPATH_SEARCH_PATHS = (
					"$(inherited)",
					"@executable_path/Frameworks",
					"@loader_path/Frameworks",
				);
				PRODUCT_BUNDLE_IDENTIFIER = Idap.WeatherApiTests;
				PRODUCT_NAME = "$(TARGET_NAME)";
				SWIFT_VERSION = 4.2;
				TARGETED_DEVICE_FAMILY = "1,2";
				TEST_HOST = "$(BUILT_PRODUCTS_DIR)/WeatherApi.app/WeatherApi";
			};
			name = Debug;
		};
		5855E2D621E73CE300A3D463 /* Release */ = {
			isa = XCBuildConfiguration;
			baseConfigurationReference = 1F9FCFF9A9D9341116065752 /* Pods-WeatherApiTests.release.xcconfig */;
			buildSettings = {
				ALWAYS_EMBED_SWIFT_STANDARD_LIBRARIES = YES;
				BUNDLE_LOADER = "$(TEST_HOST)";
				CODE_SIGN_STYLE = Automatic;
				DEVELOPMENT_TEAM = NFU7KP6QLW;
				INFOPLIST_FILE = WeatherApiTests/Info.plist;
				LD_RUNPATH_SEARCH_PATHS = (
					"$(inherited)",
					"@executable_path/Frameworks",
					"@loader_path/Frameworks",
				);
				PRODUCT_BUNDLE_IDENTIFIER = Idap.WeatherApiTests;
				PRODUCT_NAME = "$(TARGET_NAME)";
				SWIFT_VERSION = 4.2;
				TARGETED_DEVICE_FAMILY = "1,2";
				TEST_HOST = "$(BUILT_PRODUCTS_DIR)/WeatherApi.app/WeatherApi";
			};
			name = Release;
		};
		5855E2D821E73CE300A3D463 /* Debug */ = {
			isa = XCBuildConfiguration;
			baseConfigurationReference = 024FEBECBB8D051A7E5F3C58 /* Pods-WeatherApiUITests.debug.xcconfig */;
			buildSettings = {
				ALWAYS_EMBED_SWIFT_STANDARD_LIBRARIES = YES;
				CODE_SIGN_STYLE = Automatic;
				DEVELOPMENT_TEAM = NFU7KP6QLW;
				INFOPLIST_FILE = WeatherApiUITests/Info.plist;
				LD_RUNPATH_SEARCH_PATHS = (
					"$(inherited)",
					"@executable_path/Frameworks",
					"@loader_path/Frameworks",
				);
				PRODUCT_BUNDLE_IDENTIFIER = Idap.WeatherApiUITests;
				PRODUCT_NAME = "$(TARGET_NAME)";
				SWIFT_VERSION = 4.2;
				TARGETED_DEVICE_FAMILY = "1,2";
				TEST_TARGET_NAME = WeatherApi;
			};
			name = Debug;
		};
		5855E2D921E73CE300A3D463 /* Release */ = {
			isa = XCBuildConfiguration;
			baseConfigurationReference = AF5019BDCF0CAC6BC2163BB1 /* Pods-WeatherApiUITests.release.xcconfig */;
			buildSettings = {
				ALWAYS_EMBED_SWIFT_STANDARD_LIBRARIES = YES;
				CODE_SIGN_STYLE = Automatic;
				DEVELOPMENT_TEAM = NFU7KP6QLW;
				INFOPLIST_FILE = WeatherApiUITests/Info.plist;
				LD_RUNPATH_SEARCH_PATHS = (
					"$(inherited)",
					"@executable_path/Frameworks",
					"@loader_path/Frameworks",
				);
				PRODUCT_BUNDLE_IDENTIFIER = Idap.WeatherApiUITests;
				PRODUCT_NAME = "$(TARGET_NAME)";
				SWIFT_VERSION = 4.2;
				TARGETED_DEVICE_FAMILY = "1,2";
				TEST_TARGET_NAME = WeatherApi;
			};
			name = Release;
		};
/* End XCBuildConfiguration section */

/* Begin XCConfigurationList section */
		5855E2A421E73CE200A3D463 /* Build configuration list for PBXProject "WeatherApi" */ = {
			isa = XCConfigurationList;
			buildConfigurations = (
				5855E2CF21E73CE300A3D463 /* Debug */,
				5855E2D021E73CE300A3D463 /* Release */,
			);
			defaultConfigurationIsVisible = 0;
			defaultConfigurationName = Release;
		};
		5855E2D121E73CE300A3D463 /* Build configuration list for PBXNativeTarget "WeatherApi" */ = {
			isa = XCConfigurationList;
			buildConfigurations = (
				5855E2D221E73CE300A3D463 /* Debug */,
				5855E2D321E73CE300A3D463 /* Release */,
			);
			defaultConfigurationIsVisible = 0;
			defaultConfigurationName = Release;
		};
		5855E2D421E73CE300A3D463 /* Build configuration list for PBXNativeTarget "WeatherApiTests" */ = {
			isa = XCConfigurationList;
			buildConfigurations = (
				5855E2D521E73CE300A3D463 /* Debug */,
				5855E2D621E73CE300A3D463 /* Release */,
			);
			defaultConfigurationIsVisible = 0;
			defaultConfigurationName = Release;
		};
		5855E2D721E73CE300A3D463 /* Build configuration list for PBXNativeTarget "WeatherApiUITests" */ = {
			isa = XCConfigurationList;
			buildConfigurations = (
				5855E2D821E73CE300A3D463 /* Debug */,
				5855E2D921E73CE300A3D463 /* Release */,
			);
			defaultConfigurationIsVisible = 0;
			defaultConfigurationName = Release;
		};
/* End XCConfigurationList section */
	};
	rootObject = 5855E2A121E73CE200A3D463 /* Project object */;
}
